
Microsoft Visual Studio Solution File, Format Version 12.00
# Visual Studio Version 17
VisualStudioVersion = 17.2.32630.192
MinimumVisualStudioVersion = 10.0.40219.1
Project("{FAE04EC0-301F-11D3-BF4B-00C04F79EFBC}") = "DrawAndGuess-WindowsPlatform", "C-sharp\DrawAndGuess-WindowsPlatform.csproj", "{638B8C41-68BF-4C2C-86E7-BA563CD76E0E}"
EndProject
Global
	GlobalSection(SolutionConfigurationPlatforms) = preSolution
		Debug|Any CPU = Debug|Any CPU
		Release|Any CPU = Release|Any CPU
	EndGlobalSection
	GlobalSection(ProjectConfigurationPlatforms) = postSolution
		{638B8C41-68BF-4C2C-86E7-BA563CD76E0E}.Debug|Any CPU.ActiveCfg = Debug|Any CPU
		{638B8C41-68BF-4C2C-86E7-BA563CD76E0E}.Debug|Any CPU.Build.0 = Debug|Any CPU
		{638B8C41-68BF-4C2C-86E7-BA563CD76E0E}.Release|Any CPU.ActiveCfg = Release|Any CPU
		{638B8C41-68BF-4C2C-86E7-BA563CD76E0E}.Release|Any CPU.Build.0 = Release|Any CPU
	EndGlobalSection
	GlobalSection(SolutionProperties) = preSolution
		HideSolutionNode = FALSE
	EndGlobalSection
	GlobalSection(ExtensibilityGlobals) = postSolution
		SolutionGuid = {6CA9E000-AB49-4413-BA72-06A69F6D7301}
	EndGlobalSection
EndGlobal
